
Microsoft Visual Studio Solution File, Format Version 12.00
# Visual Studio 14
VisualStudioVersion = 14.0.25420.1
MinimumVisualStudioVersion = 10.0.40219.1
Project("{FAE04EC0-301F-11D3-BF4B-00C04F79EFBC}") = "Fiap.Exercicio01", "Fiap.Exercicio01\Fiap.Exercicio01.csproj", "{57BD1F20-C219-4880-AF95-F4494CF22BAB}"
EndProject
Global
	GlobalSection(SolutionConfigurationPlatforms) = preSolution
		Debug|Any CPU = Debug|Any CPU
		Release|Any CPU = Release|Any CPU
	EndGlobalSection
	GlobalSection(ProjectConfigurationPlatforms) = postSolution
		{57BD1F20-C219-4880-AF95-F4494CF22BAB}.Debug|Any CPU.ActiveCfg = Debug|Any CPU
		{57BD1F20-C219-4880-AF95-F4494CF22BAB}.Debug|Any CPU.Build.0 = Debug|Any CPU
		{57BD1F20-C219-4880-AF95-F4494CF22BAB}.Release|Any CPU.ActiveCfg = Release|Any CPU
		{57BD1F20-C219-4880-AF95-F4494CF22BAB}.Release|Any CPU.Build.0 = Release|Any CPU
	EndGlobalSection
	GlobalSection(SolutionProperties) = preSolution
		HideSolutionNode = FALSE
	EndGlobalSection
EndGlobal
